
Microsoft Visual Studio Solution File, Format Version 12.00
# Visual Studio Version 17
VisualStudioVersion = 17.10.35122.118
MinimumVisualStudioVersion = 10.0.40219.1
Project("{9A19103F-16F7-4668-BE54-9A1E7A4F7556}") = "Property", "Property.csproj", "{AE9D7E5D-495D-4C3A-8271-CD253D290591}"
EndProject
Project("{9A19103F-16F7-4668-BE54-9A1E7A4F7556}") = "Array", "..\Array\Array.csproj", "{03CFDCDB-495D-41EC-B719-B3A14AA57EAA}"
EndProject
Project("{9A19103F-16F7-4668-BE54-9A1E7A4F7556}") = "Exception", "..\Exception\Exception.csproj", "{31144B18-C8FE-4894-B597-5B532C496FB3}"
EndProject
Project("{9A19103F-16F7-4668-BE54-9A1E7A4F7556}") = "FileAndDircectory", "..\FileAndDircectory\FileAndDircectory.csproj", "{206A6DB7-C38F-48BE-88DB-6067E84AA4FD}"
EndProject
Project("{9A19103F-16F7-4668-BE54-9A1E7A4F7556}") = "BasicThread", "..\BasicThread\BasicThread.csproj", "{EC945B5A-1B11-49D4-AA85-73272B756521}"
EndProject
Project("{FAE04EC0-301F-11D3-BF4B-00C04F79EFBC}") = "20_Winform", "..\20_Winform\20_Winform.csproj", "{8831C830-45C1-4EAF-85E1-DCDEA1F6984C}"
EndProject
Global
	GlobalSection(SolutionConfigurationPlatforms) = preSolution
		Debug|Any CPU = Debug|Any CPU
		Release|Any CPU = Release|Any CPU
	EndGlobalSection
	GlobalSection(ProjectConfigurationPlatforms) = postSolution
		{AE9D7E5D-495D-4C3A-8271-CD253D290591}.Debug|Any CPU.ActiveCfg = Debug|Any CPU
		{AE9D7E5D-495D-4C3A-8271-CD253D290591}.Debug|Any CPU.Build.0 = Debug|Any CPU
		{AE9D7E5D-495D-4C3A-8271-CD253D290591}.Release|Any CPU.ActiveCfg = Release|Any CPU
		{AE9D7E5D-495D-4C3A-8271-CD253D290591}.Release|Any CPU.Build.0 = Release|Any CPU
		{03CFDCDB-495D-41EC-B719-B3A14AA57EAA}.Debug|Any CPU.ActiveCfg = Debug|Any CPU
		{03CFDCDB-495D-41EC-B719-B3A14AA57EAA}.Debug|Any CPU.Build.0 = Debug|Any CPU
		{03CFDCDB-495D-41EC-B719-B3A14AA57EAA}.Release|Any CPU.ActiveCfg = Release|Any CPU
		{03CFDCDB-495D-41EC-B719-B3A14AA57EAA}.Release|Any CPU.Build.0 = Release|Any CPU
		{31144B18-C8FE-4894-B597-5B532C496FB3}.Debug|Any CPU.ActiveCfg = Debug|Any CPU
		{31144B18-C8FE-4894-B597-5B532C496FB3}.Debug|Any CPU.Build.0 = Debug|Any CPU
		{31144B18-C8FE-4894-B597-5B532C496FB3}.Release|Any CPU.ActiveCfg = Release|Any CPU
		{31144B18-C8FE-4894-B597-5B532C496FB3}.Release|Any CPU.Build.0 = Release|Any CPU
		{206A6DB7-C38F-48BE-88DB-6067E84AA4FD}.Debug|Any CPU.ActiveCfg = Debug|Any CPU
		{206A6DB7-C38F-48BE-88DB-6067E84AA4FD}.Debug|Any CPU.Build.0 = Debug|Any CPU
		{206A6DB7-C38F-48BE-88DB-6067E84AA4FD}.Release|Any CPU.ActiveCfg = Release|Any CPU
		{206A6DB7-C38F-48BE-88DB-6067E84AA4FD}.Release|Any CPU.Build.0 = Release|Any CPU
		{EC945B5A-1B11-49D4-AA85-73272B756521}.Debug|Any CPU.ActiveCfg = Debug|Any CPU
		{EC945B5A-1B11-49D4-AA85-73272B756521}.Debug|Any CPU.Build.0 = Debug|Any CPU
		{EC945B5A-1B11-49D4-AA85-73272B756521}.Release|Any CPU.ActiveCfg = Release|Any CPU
		{EC945B5A-1B11-49D4-AA85-73272B756521}.Release|Any CPU.Build.0 = Release|Any CPU
		{8831C830-45C1-4EAF-85E1-DCDEA1F6984C}.Debug|Any CPU.ActiveCfg = Debug|Any CPU
		{8831C830-45C1-4EAF-85E1-DCDEA1F6984C}.Debug|Any CPU.Build.0 = Debug|Any CPU
		{8831C830-45C1-4EAF-85E1-DCDEA1F6984C}.Release|Any CPU.ActiveCfg = Release|Any CPU
		{8831C830-45C1-4EAF-85E1-DCDEA1F6984C}.Release|Any CPU.Build.0 = Release|Any CPU
	EndGlobalSection
	GlobalSection(SolutionProperties) = preSolution
		HideSolutionNode = FALSE
	EndGlobalSection
	GlobalSection(ExtensibilityGlobals) = postSolution
		SolutionGuid = {DBA54EDC-43FB-48B7-920B-27B8D173CE09}
	EndGlobalSection
EndGlobal
